// !$*UTF8*$!
{
	archiveVersion = 1;
	classes = {
	};
	objectVersion = 50;
	objects = {

/* Begin PBXBuildFile section */
		CD036D8C2549A3060003C1CE /* IrregVerbView.swift in Sources */ = {isa = PBXBuildFile; fileRef = CD036D8B2549A3060003C1CE /* IrregVerbView.swift */; };
		CD036D922549A3F90003C1CE /* WordView.swift in Sources */ = {isa = PBXBuildFile; fileRef = CD036D912549A3F90003C1CE /* WordView.swift */; };
		CD036D962549ABBB0003C1CE /* PossibleWordsView.swift in Sources */ = {isa = PBXBuildFile; fileRef = CD036D952549ABBB0003C1CE /* PossibleWordsView.swift */; };
		CD03F87B254C2DE500FE627C /* IrregVerb.swift in Sources */ = {isa = PBXBuildFile; fileRef = CD03F87A254C2DE500FE627C /* IrregVerb.swift */; };
		CD3BDD11251E179100985BB1 /* LoginView.swift in Sources */ = {isa = PBXBuildFile; fileRef = CD3BDD10251E179100985BB1 /* LoginView.swift */; };
		CD433C73257E9602004E5697 /* SentenceFromWords.swift in Sources */ = {isa = PBXBuildFile; fileRef = CD433C72257E9602004E5697 /* SentenceFromWords.swift */; };
		CD4F13F1257C43DC00F3B26C /* UserProfile_ViewModel.swift in Sources */ = {isa = PBXBuildFile; fileRef = CD4F13F0257C43DC00F3B26C /* UserProfile_ViewModel.swift */; };
		CD94A71C25326B36009750AC /* UserProfile.swift in Sources */ = {isa = PBXBuildFile; fileRef = CD94A71B25326B36009750AC /* UserProfile.swift */; };
		CD94A7202532722A009750AC /* LoadingView.swift in Sources */ = {isa = PBXBuildFile; fileRef = CD94A71F2532722A009750AC /* LoadingView.swift */; };
		CD94A72425327332009750AC /* DataVersion.swift in Sources */ = {isa = PBXBuildFile; fileRef = CD94A72325327332009750AC /* DataVersion.swift */; };
		CDB1A02C251CD2AB0009F7D8 /* orig.gif in Resources */ = {isa = PBXBuildFile; fileRef = CDB1A02B251CD2AB0009F7D8 /* orig.gif */; };
		CDB1A031251CD4B80009F7D8 /* SwiftUIGIFPlayerView.swift in Sources */ = {isa = PBXBuildFile; fileRef = CDB1A02F251CD4B80009F7D8 /* SwiftUIGIFPlayerView.swift */; };
		CDB1A032251CD4B80009F7D8 /* GIFPlayerView.swift in Sources */ = {isa = PBXBuildFile; fileRef = CDB1A030251CD4B80009F7D8 /* GIFPlayerView.swift */; };
		CDDD31E5257BA4B800EE9507 /* MainmenuView.swift in Sources */ = {isa = PBXBuildFile; fileRef = CDDD31E4257BA4B800EE9507 /* MainmenuView.swift */; };
		CDDD31E8257BAFC800EE9507 /* Category.swift in Sources */ = {isa = PBXBuildFile; fileRef = CDDD31E7257BAFC800EE9507 /* Category.swift */; };
		CDDD31EC257BBA1C00EE9507 /* LevelPreview.swift in Sources */ = {isa = PBXBuildFile; fileRef = CDDD31EB257BBA1C00EE9507 /* LevelPreview.swift */; };
		CDDDD4962514FC57007D35AF /* Dibilingo_iOSApp.swift in Sources */ = {isa = PBXBuildFile; fileRef = CDDDD4952514FC57007D35AF /* Dibilingo_iOSApp.swift */; };
		CDDDD4982514FC58007D35AF /* ContentView.swift in Sources */ = {isa = PBXBuildFile; fileRef = CDDDD4972514FC57007D35AF /* ContentView.swift */; };
		CDDDD49A2514FC59007D35AF /* Assets.xcassets in Resources */ = {isa = PBXBuildFile; fileRef = CDDDD4992514FC59007D35AF /* Assets.xcassets */; };
		CDDDD49D2514FC59007D35AF /* Preview Assets.xcassets in Resources */ = {isa = PBXBuildFile; fileRef = CDDDD49C2514FC59007D35AF /* Preview Assets.xcassets */; };
		CDE15D142517628B00A3C8D4 /* CardView.swift in Sources */ = {isa = PBXBuildFile; fileRef = CDE15D132517628B00A3C8D4 /* CardView.swift */; };
		CDE15D21251779EC00A3C8D4 /* engine.ttf in Resources */ = {isa = PBXBuildFile; fileRef = CDE15D1F251779EA00A3C8D4 /* engine.ttf */; };
		CDE15D23251779EF00A3C8D4 /* engineitalic.ttf in Resources */ = {isa = PBXBuildFile; fileRef = CDE15D20251779EA00A3C8D4 /* engineitalic.ttf */; };
		CDE15D2625177ADF00A3C8D4 /* boomboom.ttf in Resources */ = {isa = PBXBuildFile; fileRef = CDE15D2525177ADF00A3C8D4 /* boomboom.ttf */; };
		CDE15D292517841600A3C8D4 /* EmojiWordView.swift in Sources */ = {isa = PBXBuildFile; fileRef = CDE15D282517841600A3C8D4 /* EmojiWordView.swift */; };
		CDE15D2D2517860900A3C8D4 /* Card.swift in Sources */ = {isa = PBXBuildFile; fileRef = CDE15D2C2517860900A3C8D4 /* Card.swift */; };
		CDE15D3225178BB200A3C8D4 /* EW_Overlay.swift in Sources */ = {isa = PBXBuildFile; fileRef = CDE15D3125178BB200A3C8D4 /* EW_Overlay.swift */; };
		CDE15D35251794B900A3C8D4 /* Utilities.swift in Sources */ = {isa = PBXBuildFile; fileRef = CDE15D34251794B900A3C8D4 /* Utilities.swift */; };
		CDE15D3B2517D65900A3C8D4 /* gardenscregular.ttf in Resources */ = {isa = PBXBuildFile; fileRef = CDE15D3A2517D65900A3C8D4 /* gardenscregular.ttf */; };
		CDE15D422517DB6300A3C8D4 /* Coiny.ttf in Resources */ = {isa = PBXBuildFile; fileRef = CDE15D412517DB6300A3C8D4 /* Coiny.ttf */; };
/* End PBXBuildFile section */

/* Begin PBXFileReference section */
		CD036D8B2549A3060003C1CE /* IrregVerbView.swift */ = {isa = PBXFileReference; lastKnownFileType = sourcecode.swift; path = IrregVerbView.swift; sourceTree = "<group>"; };
		CD036D912549A3F90003C1CE /* WordView.swift */ = {isa = PBXFileReference; lastKnownFileType = sourcecode.swift; path = WordView.swift; sourceTree = "<group>"; };
		CD036D952549ABBB0003C1CE /* PossibleWordsView.swift */ = {isa = PBXFileReference; lastKnownFileType = sourcecode.swift; path = PossibleWordsView.swift; sourceTree = "<group>"; };
		CD03F87A254C2DE500FE627C /* IrregVerb.swift */ = {isa = PBXFileReference; lastKnownFileType = sourcecode.swift; path = IrregVerb.swift; sourceTree = "<group>"; };
		CD3BDD10251E179100985BB1 /* LoginView.swift */ = {isa = PBXFileReference; lastKnownFileType = sourcecode.swift; path = LoginView.swift; sourceTree = "<group>"; };
		CD433C72257E9602004E5697 /* SentenceFromWords.swift */ = {isa = PBXFileReference; lastKnownFileType = sourcecode.swift; path = SentenceFromWords.swift; sourceTree = "<group>"; };
		CD4F13F0257C43DC00F3B26C /* UserProfile_ViewModel.swift */ = {isa = PBXFileReference; lastKnownFileType = sourcecode.swift; name = UserProfile_ViewModel.swift; path = "Dibilingo-iOS/Data/UserProfile_ViewModel.swift"; sourceTree = SOURCE_ROOT; };
		CD94A71B25326B36009750AC /* UserProfile.swift */ = {isa = PBXFileReference; lastKnownFileType = sourcecode.swift; name = UserProfile.swift; path = "Dibilingo-iOS/Data/UserProfile.swift"; sourceTree = SOURCE_ROOT; };
		CD94A71F2532722A009750AC /* LoadingView.swift */ = {isa = PBXFileReference; lastKnownFileType = sourcecode.swift; path = LoadingView.swift; sourceTree = "<group>"; };
		CD94A72325327332009750AC /* DataVersion.swift */ = {isa = PBXFileReference; lastKnownFileType = sourcecode.swift; path = DataVersion.swift; sourceTree = "<group>"; };
		CDB1A02B251CD2AB0009F7D8 /* orig.gif */ = {isa = PBXFileReference; lastKnownFileType = image.gif; path = orig.gif; sourceTree = "<group>"; };
		CDB1A02F251CD4B80009F7D8 /* SwiftUIGIFPlayerView.swift */ = {isa = PBXFileReference; fileEncoding = 4; lastKnownFileType = sourcecode.swift; path = SwiftUIGIFPlayerView.swift; sourceTree = "<group>"; };
		CDB1A030251CD4B80009F7D8 /* GIFPlayerView.swift */ = {isa = PBXFileReference; fileEncoding = 4; lastKnownFileType = sourcecode.swift; path = GIFPlayerView.swift; sourceTree = "<group>"; };
		CDDD31E4257BA4B800EE9507 /* MainmenuView.swift */ = {isa = PBXFileReference; lastKnownFileType = sourcecode.swift; name = MainmenuView.swift; path = "Dibilingo-iOS/Views/MainmenuView.swift"; sourceTree = SOURCE_ROOT; };
		CDDD31E7257BAFC800EE9507 /* Category.swift */ = {isa = PBXFileReference; lastKnownFileType = sourcecode.swift; path = Category.swift; sourceTree = "<group>"; };
		CDDD31EB257BBA1C00EE9507 /* LevelPreview.swift */ = {isa = PBXFileReference; lastKnownFileType = sourcecode.swift; path = LevelPreview.swift; sourceTree = "<group>"; };
		CDDDD4922514FC57007D35AF /* Dibilingo-iOS.app */ = {isa = PBXFileReference; explicitFileType = wrapper.application; includeInIndex = 0; path = "Dibilingo-iOS.app"; sourceTree = BUILT_PRODUCTS_DIR; };
		CDDDD4952514FC57007D35AF /* Dibilingo_iOSApp.swift */ = {isa = PBXFileReference; lastKnownFileType = sourcecode.swift; path = Dibilingo_iOSApp.swift; sourceTree = "<group>"; };
		CDDDD4972514FC57007D35AF /* ContentView.swift */ = {isa = PBXFileReference; lastKnownFileType = sourcecode.swift; path = ContentView.swift; sourceTree = "<group>"; };
		CDDDD4992514FC59007D35AF /* Assets.xcassets */ = {isa = PBXFileReference; lastKnownFileType = folder.assetcatalog; path = Assets.xcassets; sourceTree = "<group>"; };
		CDDDD49C2514FC59007D35AF /* Preview Assets.xcassets */ = {isa = PBXFileReference; lastKnownFileType = folder.assetcatalog; path = "Preview Assets.xcassets"; sourceTree = "<group>"; };
		CDDDD49E2514FC59007D35AF /* Info.plist */ = {isa = PBXFileReference; lastKnownFileType = text.plist.xml; path = Info.plist; sourceTree = "<group>"; };
		CDE15D132517628B00A3C8D4 /* CardView.swift */ = {isa = PBXFileReference; lastKnownFileType = sourcecode.swift; path = CardView.swift; sourceTree = "<group>"; };
		CDE15D1F251779EA00A3C8D4 /* engine.ttf */ = {isa = PBXFileReference; lastKnownFileType = file; path = engine.ttf; sourceTree = "<group>"; };
		CDE15D20251779EA00A3C8D4 /* engineitalic.ttf */ = {isa = PBXFileReference; lastKnownFileType = file; path = engineitalic.ttf; sourceTree = "<group>"; };
		CDE15D2525177ADF00A3C8D4 /* boomboom.ttf */ = {isa = PBXFileReference; lastKnownFileType = file; path = boomboom.ttf; sourceTree = "<group>"; };
		CDE15D282517841600A3C8D4 /* EmojiWordView.swift */ = {isa = PBXFileReference; lastKnownFileType = sourcecode.swift; path = EmojiWordView.swift; sourceTree = "<group>"; };
		CDE15D2C2517860900A3C8D4 /* Card.swift */ = {isa = PBXFileReference; lastKnownFileType = sourcecode.swift; path = Card.swift; sourceTree = "<group>"; };
		CDE15D3125178BB200A3C8D4 /* EW_Overlay.swift */ = {isa = PBXFileReference; lastKnownFileType = sourcecode.swift; path = EW_Overlay.swift; sourceTree = "<group>"; };
		CDE15D34251794B900A3C8D4 /* Utilities.swift */ = {isa = PBXFileReference; lastKnownFileType = sourcecode.swift; path = Utilities.swift; sourceTree = "<group>"; };
		CDE15D3A2517D65900A3C8D4 /* gardenscregular.ttf */ = {isa = PBXFileReference; lastKnownFileType = file; path = gardenscregular.ttf; sourceTree = "<group>"; };
		CDE15D412517DB6300A3C8D4 /* Coiny.ttf */ = {isa = PBXFileReference; lastKnownFileType = file; path = Coiny.ttf; sourceTree = "<group>"; };
/* End PBXFileReference section */

/* Begin PBXFrameworksBuildPhase section */
		CDDDD48F2514FC57007D35AF /* Frameworks */ = {
			isa = PBXFrameworksBuildPhase;
			buildActionMask = 2147483647;
			files = (
			);
			runOnlyForDeploymentPostprocessing = 0;
		};
/* End PBXFrameworksBuildPhase section */

/* Begin PBXGroup section */
		CD036D8F2549A3B00003C1CE /* 1st lvl */ = {
			isa = PBXGroup;
			children = (
				CDE15D132517628B00A3C8D4 /* CardView.swift */,
				CDE15D282517841600A3C8D4 /* EmojiWordView.swift */,
			);
			path = "1st lvl";
			sourceTree = "<group>";
		};
		CD036D902549A3C70003C1CE /* 2nd lvl */ = {
			isa = PBXGroup;
			children = (
				CD036D952549ABBB0003C1CE /* PossibleWordsView.swift */,
				CD036D912549A3F90003C1CE /* WordView.swift */,
				CD036D8B2549A3060003C1CE /* IrregVerbView.swift */,
			);
			path = "2nd lvl";
			sourceTree = "<group>";
		};
		CD433C71257E95C8004E5697 /* 3rd lvl */ = {
			isa = PBXGroup;
			children = (
				CD433C72257E9602004E5697 /* SentenceFromWords.swift */,
			);
			path = "3rd lvl";
			sourceTree = "<group>";
		};
		CDB1A034251CD5880009F7D8 /* Utilities */ = {
			isa = PBXGroup;
			children = (
				CDE15D34251794B900A3C8D4 /* Utilities.swift */,
				CDB1A030251CD4B80009F7D8 /* GIFPlayerView.swift */,
				CDB1A02F251CD4B80009F7D8 /* SwiftUIGIFPlayerView.swift */,
			);
			path = Utilities;
			sourceTree = "<group>";
		};
		CDB1A035251CD5A80009F7D8 /* Data */ = {
			isa = PBXGroup;
			children = (
				CD4F13F0257C43DC00F3B26C /* UserProfile_ViewModel.swift */,
				CDE15D2C2517860900A3C8D4 /* Card.swift */,
				CD94A71B25326B36009750AC /* UserProfile.swift */,
				CD94A72325327332009750AC /* DataVersion.swift */,
				CD03F87A254C2DE500FE627C /* IrregVerb.swift */,
				CDDD31E7257BAFC800EE9507 /* Category.swift */,
			);
			path = Data;
			sourceTree = "<group>";
		};
		CDDDD4892514FC57007D35AF = {
			isa = PBXGroup;
			children = (
				CDDDD4942514FC57007D35AF /* Dibilingo-iOS */,
				CDDDD4932514FC57007D35AF /* Products */,
			);
			sourceTree = "<group>";
		};
		CDDDD4932514FC57007D35AF /* Products */ = {
			isa = PBXGroup;
			children = (
				CDDDD4922514FC57007D35AF /* Dibilingo-iOS.app */,
			);
			name = Products;
			sourceTree = "<group>";
		};
		CDDDD4942514FC57007D35AF /* Dibilingo-iOS */ = {
			isa = PBXGroup;
			children = (
				CDDDD4952514FC57007D35AF /* Dibilingo_iOSApp.swift */,
				CDB1A035251CD5A80009F7D8 /* Data */,
				CDE15D2B251785F200A3C8D4 /* Views */,
				CDB1A034251CD5880009F7D8 /* Utilities */,
				CDDDD4992514FC59007D35AF /* Assets.xcassets */,
				CDDDD49E2514FC59007D35AF /* Info.plist */,
				CDB1A02B251CD2AB0009F7D8 /* orig.gif */,
				CDE15D18251778F200A3C8D4 /* Fonts */,
				CDDDD49B2514FC59007D35AF /* Preview Content */,
			);
			path = "Dibilingo-iOS";
			sourceTree = "<group>";
		};
		CDDDD49B2514FC59007D35AF /* Preview Content */ = {
			isa = PBXGroup;
			children = (
				CDDDD49C2514FC59007D35AF /* Preview Assets.xcassets */,
			);
			path = "Preview Content";
			sourceTree = "<group>";
		};
		CDE15D18251778F200A3C8D4 /* Fonts */ = {
			isa = PBXGroup;
			children = (
				CDE15D412517DB6300A3C8D4 /* Coiny.ttf */,
				CDE15D3A2517D65900A3C8D4 /* gardenscregular.ttf */,
				CDE15D1F251779EA00A3C8D4 /* engine.ttf */,
				CDE15D20251779EA00A3C8D4 /* engineitalic.ttf */,
				CDE15D2525177ADF00A3C8D4 /* boomboom.ttf */,
			);
			path = Fonts;
			sourceTree = "<group>";
		};
		CDE15D2B251785F200A3C8D4 /* Views */ = {
			isa = PBXGroup;
			children = (
				CDDD31E4257BA4B800EE9507 /* MainmenuView.swift */,
				CDDD31EB257BBA1C00EE9507 /* LevelPreview.swift */,
				CD94A71F2532722A009750AC /* LoadingView.swift */,
				CD3BDD10251E179100985BB1 /* LoginView.swift */,
				CDDDD4972514FC57007D35AF /* ContentView.swift */,
				CDE15D3125178BB200A3C8D4 /* EW_Overlay.swift */,
				CD036D8F2549A3B00003C1CE /* 1st lvl */,
				CD036D902549A3C70003C1CE /* 2nd lvl */,
				CD433C71257E95C8004E5697 /* 3rd lvl */,
			);
			path = Views;
			sourceTree = "<group>";
		};
/* End PBXGroup section */

/* Begin PBXNativeTarget section */
		CDDDD4912514FC57007D35AF /* Dibilingo-iOS */ = {
			isa = PBXNativeTarget;
			buildConfigurationList = CDDDD4A12514FC59007D35AF /* Build configuration list for PBXNativeTarget "Dibilingo-iOS" */;
			buildPhases = (
				CDDDD48E2514FC57007D35AF /* Sources */,
				CDDDD48F2514FC57007D35AF /* Frameworks */,
				CDDDD4902514FC57007D35AF /* Resources */,
			);
			buildRules = (
			);
			dependencies = (
			);
			name = "Dibilingo-iOS";
			productName = "Dibilingo-iOS";
			productReference = CDDDD4922514FC57007D35AF /* Dibilingo-iOS.app */;
			productType = "com.apple.product-type.application";
		};
/* End PBXNativeTarget section */

/* Begin PBXProject section */
		CDDDD48A2514FC57007D35AF /* Project object */ = {
			isa = PBXProject;
			attributes = {
				LastSwiftUpdateCheck = 1200;
				LastUpgradeCheck = 1200;
				TargetAttributes = {
					CDDDD4912514FC57007D35AF = {
						CreatedOnToolsVersion = 12.0;
					};
				};
			};
			buildConfigurationList = CDDDD48D2514FC57007D35AF /* Build configuration list for PBXProject "Dibilingo-iOS" */;
			compatibilityVersion = "Xcode 9.3";
			developmentRegion = en;
			hasScannedForEncodings = 0;
			knownRegions = (
				en,
				Base,
			);
			mainGroup = CDDDD4892514FC57007D35AF;
			productRefGroup = CDDDD4932514FC57007D35AF /* Products */;
			projectDirPath = "";
			projectRoot = "";
			targets = (
				CDDDD4912514FC57007D35AF /* Dibilingo-iOS */,
			);
		};
/* End PBXProject section */

/* Begin PBXResourcesBuildPhase section */
		CDDDD4902514FC57007D35AF /* Resources */ = {
			isa = PBXResourcesBuildPhase;
			buildActionMask = 2147483647;
			files = (
				CDE15D422517DB6300A3C8D4 /* Coiny.ttf in Resources */,
				CDE15D3B2517D65900A3C8D4 /* gardenscregular.ttf in Resources */,
				CDE15D23251779EF00A3C8D4 /* engineitalic.ttf in Resources */,
				CDDDD49D2514FC59007D35AF /* Preview Assets.xcassets in Resources */,
				CDE15D2625177ADF00A3C8D4 /* boomboom.ttf in Resources */,
				CDB1A02C251CD2AB0009F7D8 /* orig.gif in Resources */,
				CDE15D21251779EC00A3C8D4 /* engine.ttf in Resources */,
				CDDDD49A2514FC59007D35AF /* Assets.xcassets in Resources */,
			);
			runOnlyForDeploymentPostprocessing = 0;
		};
/* End PBXResourcesBuildPhase section */

/* Begin PBXSourcesBuildPhase section */
		CDDDD48E2514FC57007D35AF /* Sources */ = {
			isa = PBXSourcesBuildPhase;
			buildActionMask = 2147483647;
			files = (
				CD433C73257E9602004E5697 /* SentenceFromWords.swift in Sources */,
				CDE15D3225178BB200A3C8D4 /* EW_Overlay.swift in Sources */,
				CD036D8C2549A3060003C1CE /* IrregVerbView.swift in Sources */,
				CDE15D35251794B900A3C8D4 /* Utilities.swift in Sources */,
				CDDDD4982514FC58007D35AF /* ContentView.swift in Sources */,
				CD4F13F1257C43DC00F3B26C /* UserProfile_ViewModel.swift in Sources */,
				CDE15D292517841600A3C8D4 /* EmojiWordView.swift in Sources */,
				CD03F87B254C2DE500FE627C /* IrregVerb.swift in Sources */,
				CDE15D2D2517860900A3C8D4 /* Card.swift in Sources */,
				CD94A7202532722A009750AC /* LoadingView.swift in Sources */,
				CD94A72425327332009750AC /* DataVersion.swift in Sources */,
				CDDD31E8257BAFC800EE9507 /* Category.swift in Sources */,
				CD94A71C25326B36009750AC /* UserProfile.swift in Sources */,
				CDDD31EC257BBA1C00EE9507 /* LevelPreview.swift in Sources */,
				CDE15D142517628B00A3C8D4 /* CardView.swift in Sources */,
				CDB1A031251CD4B80009F7D8 /* SwiftUIGIFPlayerView.swift in Sources */,
				CD036D922549A3F90003C1CE /* WordView.swift in Sources */,
				CDDDD4962514FC57007D35AF /* Dibilingo_iOSApp.swift in Sources */,
				CDDD31E5257BA4B800EE9507 /* MainmenuView.swift in Sources */,
				CD036D962549ABBB0003C1CE /* PossibleWordsView.swift in Sources */,
				CD3BDD11251E179100985BB1 /* LoginView.swift in Sources */,
				CDB1A032251CD4B80009F7D8 /* GIFPlayerView.swift in Sources */,
			);
			runOnlyForDeploymentPostprocessing = 0;
		};
/* End PBXSourcesBuildPhase section */

/* Begin XCBuildConfiguration section */
		CDDDD49F2514FC59007D35AF /* Debug */ = {
			isa = XCBuildConfiguration;
			buildSettings = {
				ALWAYS_SEARCH_USER_PATHS = NO;
				CLANG_ANALYZER_NONNULL = YES;
				CLANG_ANALYZER_NUMBER_OBJECT_CONVERSION = YES_AGGRESSIVE;
				CLANG_CXX_LANGUAGE_STANDARD = "gnu++14";
				CLANG_CXX_LIBRARY = "libc++";
				CLANG_ENABLE_MODULES = YES;
				CLANG_ENABLE_OBJC_ARC = YES;
				CLANG_ENABLE_OBJC_WEAK = YES;
				CLANG_WARN_BLOCK_CAPTURE_AUTORELEASING = YES;
				CLANG_WARN_BOOL_CONVERSION = YES;
				CLANG_WARN_COMMA = YES;
				CLANG_WARN_CONSTANT_CONVERSION = YES;
				CLANG_WARN_DEPRECATED_OBJC_IMPLEMENTATIONS = YES;
				CLANG_WARN_DIRECT_OBJC_ISA_USAGE = YES_ERROR;
				CLANG_WARN_DOCUMENTATION_COMMENTS = YES;
				CLANG_WARN_EMPTY_BODY = YES;
				CLANG_WARN_ENUM_CONVERSION = YES;
				CLANG_WARN_INFINITE_RECURSION = YES;
				CLANG_WARN_INT_CONVERSION = YES;
				CLANG_WARN_NON_LITERAL_NULL_CONVERSION = YES;
				CLANG_WARN_OBJC_IMPLICIT_RETAIN_SELF = YES;
				CLANG_WARN_OBJC_LITERAL_CONVERSION = YES;
				CLANG_WARN_OBJC_ROOT_CLASS = YES_ERROR;
				CLANG_WARN_QUOTED_INCLUDE_IN_FRAMEWORK_HEADER = YES;
				CLANG_WARN_RANGE_LOOP_ANALYSIS = YES;
				CLANG_WARN_STRICT_PROTOTYPES = YES;
				CLANG_WARN_SUSPICIOUS_MOVE = YES;
				CLANG_WARN_UNGUARDED_AVAILABILITY = YES_AGGRESSIVE;
				CLANG_WARN_UNREACHABLE_CODE = YES;
				CLANG_WARN__DUPLICATE_METHOD_MATCH = YES;
				COPY_PHASE_STRIP = NO;
				DEBUG_INFORMATION_FORMAT = dwarf;
				ENABLE_STRICT_OBJC_MSGSEND = YES;
				ENABLE_TESTABILITY = YES;
				GCC_C_LANGUAGE_STANDARD = gnu11;
				GCC_DYNAMIC_NO_PIC = NO;
				GCC_NO_COMMON_BLOCKS = YES;
				GCC_OPTIMIZATION_LEVEL = 0;
				GCC_PREPROCESSOR_DEFINITIONS = (
					"DEBUG=1",
					"$(inherited)",
				);
				GCC_WARN_64_TO_32_BIT_CONVERSION = YES;
				GCC_WARN_ABOUT_RETURN_TYPE = YES_ERROR;
				GCC_WARN_UNDECLARED_SELECTOR = YES;
				GCC_WARN_UNINITIALIZED_AUTOS = YES_AGGRESSIVE;
				GCC_WARN_UNUSED_FUNCTION = YES;
				GCC_WARN_UNUSED_VARIABLE = YES;
				IPHONEOS_DEPLOYMENT_TARGET = 14.0;
				MTL_ENABLE_DEBUG_INFO = INCLUDE_SOURCE;
				MTL_FAST_MATH = YES;
				ONLY_ACTIVE_ARCH = YES;
				SDKROOT = iphoneos;
				SWIFT_ACTIVE_COMPILATION_CONDITIONS = DEBUG;
				SWIFT_OPTIMIZATION_LEVEL = "-Onone";
			};
			name = Debug;
		};
		CDDDD4A02514FC59007D35AF /* Release */ = {
			isa = XCBuildConfiguration;
			buildSettings = {
				ALWAYS_SEARCH_USER_PATHS = NO;
				CLANG_ANALYZER_NONNULL = YES;
				CLANG_ANALYZER_NUMBER_OBJECT_CONVERSION = YES_AGGRESSIVE;
				CLANG_CXX_LANGUAGE_STANDARD = "gnu++14";
				CLANG_CXX_LIBRARY = "libc++";
				CLANG_ENABLE_MODULES = YES;
				CLANG_ENABLE_OBJC_ARC = YES;
				CLANG_ENABLE_OBJC_WEAK = YES;
				CLANG_WARN_BLOCK_CAPTURE_AUTORELEASING = YES;
				CLANG_WARN_BOOL_CONVERSION = YES;
				CLANG_WARN_COMMA = YES;
				CLANG_WARN_CONSTANT_CONVERSION = YES;
				CLANG_WARN_DEPRECATED_OBJC_IMPLEMENTATIONS = YES;
				CLANG_WARN_DIRECT_OBJC_ISA_USAGE = YES_ERROR;
				CLANG_WARN_DOCUMENTATION_COMMENTS = YES;
				CLANG_WARN_EMPTY_BODY = YES;
				CLANG_WARN_ENUM_CONVERSION = YES;
				CLANG_WARN_INFINITE_RECURSION = YES;
				CLANG_WARN_INT_CONVERSION = YES;
				CLANG_WARN_NON_LITERAL_NULL_CONVERSION = YES;
				CLANG_WARN_OBJC_IMPLICIT_RETAIN_SELF = YES;
				CLANG_WARN_OBJC_LITERAL_CONVERSION = YES;
				CLANG_WARN_OBJC_ROOT_CLASS = YES_ERROR;
				CLANG_WARN_QUOTED_INCLUDE_IN_FRAMEWORK_HEADER = YES;
				CLANG_WARN_RANGE_LOOP_ANALYSIS = YES;
				CLANG_WARN_STRICT_PROTOTYPES = YES;
				CLANG_WARN_SUSPICIOUS_MOVE = YES;
				CLANG_WARN_UNGUARDED_AVAILABILITY = YES_AGGRESSIVE;
				CLANG_WARN_UNREACHABLE_CODE = YES;
				CLANG_WARN__DUPLICATE_METHOD_MATCH = YES;
				COPY_PHASE_STRIP = NO;
				DEBUG_INFORMATION_FORMAT = "dwarf-with-dsym";
				ENABLE_NS_ASSERTIONS = NO;
				ENABLE_STRICT_OBJC_MSGSEND = YES;
				GCC_C_LANGUAGE_STANDARD = gnu11;
				GCC_NO_COMMON_BLOCKS = YES;
				GCC_WARN_64_TO_32_BIT_CONVERSION = YES;
				GCC_WARN_ABOUT_RETURN_TYPE = YES_ERROR;
				GCC_WARN_UNDECLARED_SELECTOR = YES;
				GCC_WARN_UNINITIALIZED_AUTOS = YES_AGGRESSIVE;
				GCC_WARN_UNUSED_FUNCTION = YES;
				GCC_WARN_UNUSED_VARIABLE = YES;
				IPHONEOS_DEPLOYMENT_TARGET = 14.0;
				MTL_ENABLE_DEBUG_INFO = NO;
				MTL_FAST_MATH = YES;
				SDKROOT = iphoneos;
				SWIFT_COMPILATION_MODE = wholemodule;
				SWIFT_OPTIMIZATION_LEVEL = "-O";
				VALIDATE_PRODUCT = YES;
			};
			name = Release;
		};
		CDDDD4A22514FC59007D35AF /* Debug */ = {
			isa = XCBuildConfiguration;
			buildSettings = {
				ASSETCATALOG_COMPILER_APPICON_NAME = AppIcon;
				ASSETCATALOG_COMPILER_GLOBAL_ACCENT_COLOR_NAME = AccentColor;
				CODE_SIGN_STYLE = Automatic;
				DEVELOPMENT_ASSET_PATHS = "\"Dibilingo-iOS/Preview Content\"";
				DEVELOPMENT_TEAM = Z7788V56C7;
				ENABLE_PREVIEWS = YES;
				INFOPLIST_FILE = "Dibilingo-iOS/Info.plist";
				IPHONEOS_DEPLOYMENT_TARGET = 14.0;
				LD_RUNPATH_SEARCH_PATHS = (
					"$(inherited)",
					"@executable_path/Frameworks",
				);
				PRODUCT_BUNDLE_IDENTIFIER = "com.vladvrublevsky.Dibilingo-iOS";
				PRODUCT_NAME = "$(TARGET_NAME)";
				SWIFT_VERSION = 5.0;
				TARGETED_DEVICE_FAMILY = "1,2";
			};
			name = Debug;
		};
		CDDDD4A32514FC59007D35AF /* Release */ = {
			isa = XCBuildConfiguration;
			buildSettings = {
				ASSETCATALOG_COMPILER_APPICON_NAME = AppIcon;
				ASSETCATALOG_COMPILER_GLOBAL_ACCENT_COLOR_NAME = AccentColor;
				CODE_SIGN_STYLE = Automatic;
				DEVELOPMENT_ASSET_PATHS = "\"Dibilingo-iOS/Preview Content\"";
				DEVELOPMENT_TEAM = Z7788V56C7;
				ENABLE_PREVIEWS = YES;
				INFOPLIST_FILE = "Dibilingo-iOS/Info.plist";
				IPHONEOS_DEPLOYMENT_TARGET = 14.0;
				LD_RUNPATH_SEARCH_PATHS = (
					"$(inherited)",
					"@executable_path/Frameworks",
				);
				PRODUCT_BUNDLE_IDENTIFIER = "com.vladvrublevsky.Dibilingo-iOS";
				PRODUCT_NAME = "$(TARGET_NAME)";
				SWIFT_VERSION = 5.0;
				TARGETED_DEVICE_FAMILY = "1,2";
			};
			name = Release;
		};
/* End XCBuildConfiguration section */

/* Begin XCConfigurationList section */
		CDDDD48D2514FC57007D35AF /* Build configuration list for PBXProject "Dibilingo-iOS" */ = {
			isa = XCConfigurationList;
			buildConfigurations = (
				CDDDD49F2514FC59007D35AF /* Debug */,
				CDDDD4A02514FC59007D35AF /* Release */,
			);
			defaultConfigurationIsVisible = 0;
			defaultConfigurationName = Release;
		};
		CDDDD4A12514FC59007D35AF /* Build configuration list for PBXNativeTarget "Dibilingo-iOS" */ = {
			isa = XCConfigurationList;
			buildConfigurations = (
				CDDDD4A22514FC59007D35AF /* Debug */,
				CDDDD4A32514FC59007D35AF /* Release */,
			);
			defaultConfigurationIsVisible = 0;
			defaultConfigurationName = Release;
		};
/* End XCConfigurationList section */
	};
	rootObject = CDDDD48A2514FC57007D35AF /* Project object */;
}
